
Microsoft Visual Studio Solution File, Format Version 12.00
# Visual Studio Version 17
VisualStudioVersion = 17.4.33205.214
MinimumVisualStudioVersion = 10.0.40219.1
Project("{9A19103F-16F7-4668-BE54-9A1E7A4F7556}") = "Kanban", "Kanban\Kanban.csproj", "{7ADC7A50-530F-4F4A-9449-093F2332791E}"
EndProject
Global
	GlobalSection(SolutionConfigurationPlatforms) = preSolution
		Debug|Any CPU = Debug|Any CPU
		Release|Any CPU = Release|Any CPU
	EndGlobalSection
	GlobalSection(ProjectConfigurationPlatforms) = postSolution
		{7ADC7A50-530F-4F4A-9449-093F2332791E}.Debug|Any CPU.ActiveCfg = Debug|Any CPU
		{7ADC7A50-530F-4F4A-9449-093F2332791E}.Debug|Any CPU.Build.0 = Debug|Any CPU
		{7ADC7A50-530F-4F4A-9449-093F2332791E}.Release|Any CPU.ActiveCfg = Release|Any CPU
		{7ADC7A50-530F-4F4A-9449-093F2332791E}.Release|Any CPU.Build.0 = Release|Any CPU
	EndGlobalSection
	GlobalSection(SolutionProperties) = preSolution
		HideSolutionNode = FALSE
	EndGlobalSection
	GlobalSection(ExtensibilityGlobals) = postSolution
		SolutionGuid = {BFCDCA48-849A-4BCD-99D4-547CA7D54520}
	EndGlobalSection
EndGlobal
